{
    "_readme": [
        "This file locks the dependencies of your project to a known state",
        "Read more about it at https://getcomposer.org/doc/01-basic-usage.md#installing-dependencies",
        "This file is @generated automatically"
    ],
    "content-hash": "13b727dca7b4c6ded1456d8dd9010a81",
    "packages": [
        {
            "name": "hhvm/hhvm-autoload",
            "version": "v1.6.9",
            "source": {
                "type": "git",
                "url": "https://github.com/hhvm/hhvm-autoload.git",
                "reference": "d1dd7ffd5fa831c011266bf417231bdc4eccde87"
            },
            "dist": {
                "type": "zip",
                "url": "https://api.github.com/repos/hhvm/hhvm-autoload/zipball/d1dd7ffd5fa831c011266bf417231bdc4eccde87",
                "reference": "d1dd7ffd5fa831c011266bf417231bdc4eccde87",
                "shasum": ""
            },
            "require": {
                "composer-plugin-api": "^1.0",
                "hhvm": "^3.28"
            },
            "replace": {
                "facebook/hhvm-autoload": "1.*"
            },
            "require-dev": {
                "facebook/fbexpect": "^2.1",
                "hhvm/hacktest": "^1.0"
            },
            "bin": [
                "bin/hh-autoload"
            ],
            "type": "composer-plugin",
            "extra": {
                "class": [
                    "Facebook\\AutoloadMap\\ComposerPlugin"
                ],
                "branch-alias": {
                    "dev-master": "1.x-dev"
                }
            },
            "autoload": {
                "classmap": [
                    "src/Writer.php",
                    "src/"
                ],
                "files": [
                    "src/AutoloadMap.php",
                    "src/Config.php",
                    "src/TypeAssert.php"
                ]
            },
            "notification-url": "https://packagist.org/downloads/",
            "time": "2018-10-18T18:10:50+00:00"
        },
        {
            "name": "hhvm/hsl",
            "version": "v3.29.1",
            "source": {
                "type": "git",
                "url": "https://github.com/hhvm/hsl.git",
                "reference": "46d7de35f1cd61e0baa187a8606406f8e8af091a"
            },
            "dist": {
                "type": "zip",
                "url": "https://api.github.com/repos/hhvm/hsl/zipball/46d7de35f1cd61e0baa187a8606406f8e8af091a",
                "reference": "46d7de35f1cd61e0baa187a8606406f8e8af091a",
                "shasum": ""
            },
            "require": {
                "hhvm": "^3.29.0",
                "hhvm/hhvm-autoload": "^1.4"
            },
            "require-dev": {
                "facebook/fbexpect": "^2.0.0",
                "hhvm/hacktest": "^1.0.0"
            },
            "type": "library",
            "extra": {
                "branch-alias": {
                    "dev-master": "3.x-dev"
                }
            },
            "notification-url": "https://packagist.org/downloads/",
            "license": [
                "MIT"
            ],
            "description": "The Hack Standard Library",
            "time": "2018-10-18T18:21:07+00:00"
        },
        {
            "name": "hhvm/type-assert",
            "version": "v3.2.5",
            "source": {
                "type": "git",
                "url": "https://github.com/hhvm/type-assert.git",
                "reference": "7b25cd12e70fa3f618ae2330ac0bec567548f32b"
            },
            "dist": {
                "type": "zip",
                "url": "https://api.github.com/repos/hhvm/type-assert/zipball/7b25cd12e70fa3f618ae2330ac0bec567548f32b",
                "reference": "7b25cd12e70fa3f618ae2330ac0bec567548f32b",
                "shasum": ""
            },
            "require": {
                "hhvm": "^3.29.0",
                "hhvm/hhvm-autoload": "^1.4",
                "hhvm/hsl": "^3.29.0"
            },
            "require-dev": {
                "facebook/fbexpect": "^2.0.0",
                "hhvm/hacktest": "^1.0",
                "hhvm/hhast": "^3.27"
            },
            "type": "library",
            "extra": {
                "branch-alias": {
                    "dev-master": "3.x-dev"
                }
            },
            "notification-url": "https://packagist.org/downloads/",
            "license": [
                "MIT"
            ],
            "description": "Convert untyped data to typed data",
            "keywords": [
                "TypeAssert",
                "hack"
            ],
            "time": "2018-10-18T18:02:20+00:00"
        }
    ],
    "packages-dev": [
        {
            "name": "facebook/definition-finder",
            "version": "v2.2.1",
            "source": {
                "type": "git",
                "url": "https://github.com/hhvm/definition-finder.git",
                "reference": "1c952746196c285c93620c54ccc69e5c182a57fe"
            },
            "dist": {
                "type": "zip",
                "url": "https://api.github.com/repos/hhvm/definition-finder/zipball/1c952746196c285c93620c54ccc69e5c182a57fe",
                "reference": "1c952746196c285c93620c54ccc69e5c182a57fe",
                "shasum": ""
            },
            "require": {
                "hhvm": "^3.29.0",
                "hhvm/hhast": "^3.29.0",
                "hhvm/hhvm-autoload": "^1.6",
                "hhvm/hsl": "^3.26.0",
                "hhvm/type-assert": "^3.2"
            },
            "require-dev": {
                "facebook/fbexpect": "^2.0.0",
                "hhvm/hacktest": "^1.0"
            },
            "type": "library",
            "extra": {
                "branch-alias": {
                    "dev-master": "2.x-dev"
                }
            },
            "autoload": {
                "classmap": [
                    "src/"
                ],
                "files": [
                    "autoload_files.php"
                ]
            },
            "notification-url": "https://packagist.org/downloads/",
            "license": [
                "MIT"
            ],
            "description": "Find definitions in PHP or Hack files. Useful for autoloaders.",
            "homepage": "https://github.com/hhvm/definitions-finder",
            "keywords": [
                "autoload",
                "definitions",
                "hack",
                "hhvm"
            ],
            "time": "2018-10-25T19:50:52+00:00"
        },
        {
            "name": "facebook/difflib",
            "version": "v1.0",
            "source": {
                "type": "git",
                "url": "https://github.com/hhvm/difflib.git",
                "reference": "09505c7d66224fa7e5a8f775825bd70f05e57b01"
            },
            "dist": {
                "type": "zip",
                "url": "https://api.github.com/repos/hhvm/difflib/zipball/09505c7d66224fa7e5a8f775825bd70f05e57b01",
                "reference": "09505c7d66224fa7e5a8f775825bd70f05e57b01",
                "shasum": ""
            },
            "require": {
                "hhvm/hsl": "^3.28"
            },
            "require-dev": {
                "facebook/fbexpect": "^2.1.2",
                "hhvm/hacktest": "^1.0",
                "hhvm/hhast": "^3.28"
            },
            "type": "library",
            "extra": {
                "branch-alias": {
                    "dev-master": "0.2.x-dev"
                }
            },
            "notification-url": "https://packagist.org/downloads/",
            "license": [
                "MIT"
            ],
            "time": "2018-09-24T22:01:02+00:00"
        },
        {
            "name": "facebook/fbexpect",
            "version": "v2.2.0",
            "source": {
                "type": "git",
                "url": "https://github.com/hhvm/fbexpect.git",
                "reference": "beff71282013f01609815acd3b8819685112ee4a"
            },
            "dist": {
                "type": "zip",
                "url": "https://api.github.com/repos/hhvm/fbexpect/zipball/beff71282013f01609815acd3b8819685112ee4a",
                "reference": "beff71282013f01609815acd3b8819685112ee4a",
                "shasum": ""
            },
            "require": {
                "facebook/difflib": "^1.0.0",
                "hhvm": "^3.28",
                "hhvm/hhvm-autoload": "^1.6",
                "hhvm/hsl": "^3.26"
            },
            "require-dev": {
                "hhvm/hacktest": "^1.0"
            },
            "type": "library",
            "notification-url": "https://packagist.org/downloads/",
            "license": [
                "MIT"
            ],
            "description": "Unit test helpers for Facebook projects",
            "time": "2018-10-18T16:44:23+00:00"
        },
        {
            "name": "facebook/fbmarkdown",
            "version": "v1.4.0",
            "source": {
                "type": "git",
                "url": "https://github.com/hhvm/fbmarkdown.git",
                "reference": "5366ca38b22bcd9143a47b1b0ffdb5b9105b5231"
            },
            "dist": {
                "type": "zip",
                "url": "https://api.github.com/repos/hhvm/fbmarkdown/zipball/5366ca38b22bcd9143a47b1b0ffdb5b9105b5231",
                "reference": "5366ca38b22bcd9143a47b1b0ffdb5b9105b5231",
                "shasum": ""
            },
            "require": {
                "hhvm": "^3.28",
                "hhvm/hhvm-autoload": "^1.5",
                "hhvm/hsl": "^1.1|^3.26.0",
                "hhvm/type-assert": "^3.1"
            },
            "require-dev": {
                "facebook/fbexpect": "^2.1.0",
                "hhvm/hacktest": "^1.0",
                "hhvm/hhast": "^3.26.0"
            },
            "type": "library",
            "extra": {
                "branch-alias": {
                    "dev-master": "1.x-dev"
                }
            },
            "notification-url": "https://packagist.org/downloads/",
            "license": [
                "MIT"
            ],
            "description": "Markdown parser and renderer for Hack",
            "keywords": [
                "facebook",
                "gfm",
                "hack",
                "markdown"
            ],
            "time": "2018-10-19T16:47:34+00:00"
        },
        {
            "name": "facebook/hh-apidoc",
            "version": "v0.1",
            "source": {
                "type": "git",
                "url": "https://github.com/hhvm/hh-apidoc.git",
                "reference": "10f05bf1d36990e4d7ef2fb7b7f344df1e3c9b5f"
            },
            "dist": {
                "type": "zip",
                "url": "https://api.github.com/repos/hhvm/hh-apidoc/zipball/10f05bf1d36990e4d7ef2fb7b7f344df1e3c9b5f",
                "reference": "10f05bf1d36990e4d7ef2fb7b7f344df1e3c9b5f",
                "shasum": ""
            },
            "require": {
                "facebook/definition-finder": "^2.0.0",
                "facebook/fbmarkdown": "^1.0",
                "facebook/hh-clilib": "^1.0.0",
                "hhvm": "^3.27.0",
                "hhvm/hhast": "^3.26.0",
                "hhvm/hsl": "^1.4|^3.26.0"
            },
            "type": "library",
            "notification-url": "https://packagist.org/downloads/",
            "license": [
                "MIT"
            ],
            "time": "2018-06-29T16:31:51+00:00"
        },
        {
            "name": "hhvm/hacktest",
            "version": "0.2",
            "source": {
                "type": "git",
                "url": "https://github.com/hhvm/hacktest.git",
                "reference": "f03361f1b5f3b376a764ab860661c4e8b96e8d7c"
            },
            "dist": {
                "type": "zip",
                "url": "https://api.github.com/repos/hhvm/hacktest/zipball/f03361f1b5f3b376a764ab860661c4e8b96e8d7c",
                "reference": "f03361f1b5f3b376a764ab860661c4e8b96e8d7c",
                "shasum": ""
            },
            "require": {
                "facebook/hh-apidoc": "^0.1",
                "facebook/hh-clilib": "^1.0",
                "hhvm": "^3.28.0",
                "hhvm/hhvm-autoload": "^1.6",
                "hhvm/hsl": "^3.26",
                "hhvm/type-assert": "^3.2"
            },
            "require-dev": {
                "91carriage/phpunit-hhi": "^5.7",
                "facebook/fbexpect": "^1.0.0",
                "hhvm/hhast": "^3.27",
                "phpunit/phpunit": "^5.7"
            },
            "bin": [
                "bin/hacktest"
            ],
            "type": "library",
            "notification-url": "https://packagist.org/downloads/",
            "license": [
                "MIT"
            ],
            "description": "The Hack Test Library",
            "time": "2018-08-24T23:45:22+00:00"
        },
        {
            "name": "hhvm/hhast",
            "version": "v3.29.0",
            "source": {
                "type": "git",
                "url": "https://github.com/hhvm/hhast.git",
                "reference": "0557ba2579a56f443bd573a1ce90908e282be9fd"
            },
            "dist": {
                "type": "zip",
                "url": "https://api.github.com/repos/hhvm/hhast/zipball/0557ba2579a56f443bd573a1ce90908e282be9fd",
                "reference": "0557ba2579a56f443bd573a1ce90908e282be9fd",
                "shasum": ""
            },
            "require": {
                "facebook/difflib": "^1.0.0",
                "facebook/hh-clilib": "^1.1.1",
                "hhvm": "3.29.*",
                "hhvm/hsl": "^1.0.0|^3.26.0",
                "hhvm/type-assert": "^3.1"
            },
            "require-dev": {
                "facebook/fbexpect": "^2.1.1",
                "facebook/hack-codegen": "~3.2.1",
                "hhvm/hacktest": "^1.0",
                "hhvm/hhvm-autoload": "^1.5"
            },
            "bin": [
                "bin/hhast-lint",
                "bin/hhast-inspect"
            ],
            "type": "library",
            "extra": {
                "branch-alias": {
                    "dev-master": "3.x-dev"
                }
            },
            "notification-url": "https://packagist.org/downloads/",
            "license": [
                "MIT"
            ],
            "time": "2018-10-18T22:07:15+00:00"
        }
    ],
    "aliases": [],
    "minimum-stability": "stable",
    "stability-flags": [],
    "prefer-stable": false,
    "prefer-lowest": false,
    "platform": [],
    "platform-dev": []
}
